{
  "version": 4,
  "terraform_version": "1.15.8",
  "serial": 28,
  "lineage": "a4e0dd39-89e9-ef5a-8ad4-614513a3449f",
  "outputs": {},
  "resources": [
    {
      "mode": "managed",
      "type": "snowflake_account_role",
      "name": "app_role",
      "provider": "provider[\"registry.terraform.io/snowflakedb/snowflake\"]",
      "instances": [
        {
          "schema_version": 0,
          "attributes": {
            "comment": "Application role managed by Terraform (dev)",
            "fully_qualified_name": "\"APP_ROLE1\"",
            "id": "APP_ROLE1",
            "name": "APP_ROLE1",
            "show_output": [
              {
                "assigned_to_users": 0,
                "comment": "Application role managed by Terraform (dev)",
                "created_on": "2026-07-27 09:09:25.05 -0700 PDT",
                "granted_roles": 0,
                "granted_to_roles": 0,
                "is_current": false,
                "is_default": false,
                "is_inherited": false,
                "name": "APP_ROLE1",
                "owner": "ACCOUNTADMIN"
              }
            ],
            "timeouts": null
          },
          "sensitive_attributes": [],
          "identity_schema_version": 0,
          "private": "eyJlMmJmYjczMC1lY2FhLTExZTYtOGY4OC0zNDM2M2JjN2M0YzAiOnsiY3JlYXRlIjoxMjAwMDAwMDAwMDAwLCJkZWxldGUiOjEyMDAwMDAwMDAwMDAsInJlYWQiOjEyMDAwMDAwMDAwMDAsInVwZGF0ZSI6MTIwMDAwMDAwMDAwMH19"
        }
      ]
    },
    {
      "mode": "managed",
      "type": "snowflake_account_role",
      "name": "read_only_role",
      "provider": "provider[\"registry.terraform.io/snowflakedb/snowflake\"]",
      "instances": [
        {
          "schema_version": 0,
          "attributes": {
            "comment": "Read-only role managed by Terraform (dev)",
            "fully_qualified_name": "\"READ_ONLY_ROLE\"",
            "id": "READ_ONLY_ROLE",
            "name": "READ_ONLY_ROLE",
            "show_output": [
              {
                "assigned_to_users": 0,
                "comment": "Read-only role managed by Terraform (dev)",
                "created_on": "2026-07-27 09:09:22.251 -0700 PDT",
                "granted_roles": 0,
                "granted_to_roles": 0,
                "is_current": false,
                "is_default": false,
                "is_inherited": false,
                "name": "READ_ONLY_ROLE",
                "owner": "ACCOUNTADMIN"
              }
            ],
            "timeouts": null
          },
          "sensitive_attributes": [],
          "identity_schema_version": 0,
          "private": "eyJlMmJmYjczMC1lY2FhLTExZTYtOGY4OC0zNDM2M2JjN2M0YzAiOnsiY3JlYXRlIjoxMjAwMDAwMDAwMDAwLCJkZWxldGUiOjEyMDAwMDAwMDAwMDAsInJlYWQiOjEyMDAwMDAwMDAwMDAsInVwZGF0ZSI6MTIwMDAwMDAwMDAwMH19"
        }
      ]
    },
    {
      "mode": "managed",
      "type": "snowflake_grant_privileges_to_account_role",
      "name": "app_role_wh_usage",
      "provider": "provider[\"registry.terraform.io/snowflakedb/snowflake\"]",
      "instances": [
        {
          "schema_version": 0,
          "attributes": {
            "account_role_name": "APP_ROLE1",
            "all_privileges": false,
            "always_apply": false,
            "always_apply_trigger": null,
            "id": "\"APP_ROLE1\"|false|false|USAGE|OnAccountObject|WAREHOUSE|\"APP_WH\"",
            "on_account": false,
            "on_account_object": [
              {
                "object_name": "APP_WH",
                "object_type": "WAREHOUSE"
              }
            ],
            "on_schema": [],
            "on_schema_object": [],
            "privileges": [],
            "strict_privilege_management": false,
            "timeouts": null,
            "with_grant_option": false
          },
          "sensitive_attributes": [],
          "identity_schema_version": 0,
          "private": "eyJlMmJmYjczMC1lY2FhLTExZTYtOGY4OC0zNDM2M2JjN2M0YzAiOnsiY3JlYXRlIjoxMjAwMDAwMDAwMDAwLCJkZWxldGUiOjEyMDAwMDAwMDAwMDAsInJlYWQiOjEyMDAwMDAwMDAwMDAsInVwZGF0ZSI6MTIwMDAwMDAwMDAwMH19",
          "dependencies": [
            "snowflake_account_role.app_role",
            "snowflake_warehouse.app_warehouse"
          ]
        }
      ]
    },
    {
      "mode": "managed",
      "type": "snowflake_grant_privileges_to_account_role",
      "name": "read_only_role_wh_usage",
      "provider": "provider[\"registry.terraform.io/snowflakedb/snowflake\"]",
      "instances": [
        {
          "schema_version": 0,
          "attributes": {
            "account_role_name": "READ_ONLY_ROLE",
            "all_privileges": false,
            "always_apply": false,
            "always_apply_trigger": null,
            "id": "\"READ_ONLY_ROLE\"|false|false|USAGE|OnAccountObject|WAREHOUSE|\"APP_WH\"",
            "on_account": false,
            "on_account_object": [
              {
                "object_name": "APP_WH",
                "object_type": "WAREHOUSE"
              }
            ],
            "on_schema": [],
            "on_schema_object": [],
            "privileges": [],
            "strict_privilege_management": false,
            "timeouts": null,
            "with_grant_option": false
          },
          "sensitive_attributes": [],
          "identity_schema_version": 0,
          "private": "eyJlMmJmYjczMC1lY2FhLTExZTYtOGY4OC0zNDM2M2JjN2M0YzAiOnsiY3JlYXRlIjoxMjAwMDAwMDAwMDAwLCJkZWxldGUiOjEyMDAwMDAwMDAwMDAsInJlYWQiOjEyMDAwMDAwMDAwMDAsInVwZGF0ZSI6MTIwMDAwMDAwMDAwMH19",
          "dependencies": [
            "snowflake_account_role.read_only_role",
            "snowflake_warehouse.app_warehouse"
          ]
        }
      ]
    },
    {
      "mode": "managed",
      "type": "snowflake_warehouse",
      "name": "app_warehouse",
      "provider": "provider[\"registry.terraform.io/snowflakedb/snowflake\"]",
      "instances": [
        {
          "schema_version": 2,
          "attributes": {
            "auto_resume": "true",
            "auto_suspend": 300,
            "comment": "Application warehouse managed by Terraform (dev)",
            "enable_query_acceleration": "default",
            "fully_qualified_name": "\"APP_WH\"",
            "generation": null,
            "id": "APP_WH",
            "initially_suspended": true,
            "max_cluster_count": null,
            "max_concurrency_level": 8,
            "min_cluster_count": null,
            "name": "APP_WH",
            "parameters": [
              {
                "max_concurrency_level": [
                  {
                    "default": "8",
                    "description": "Maximum number of SQL statements a warehouse cluster can execute concurrently before queuing them. Small SQL statements count as a fraction of 1.",
                    "key": "MAX_CONCURRENCY_LEVEL",
                    "level": "",
                    "value": "8"
                  }
                ],
                "statement_queued_timeout_in_seconds": [
                  {
                    "default": "0",
                    "description": "Timeout in seconds for queued statements: statements will automatically be canceled if they are queued on a warehouse for longer than this amount of time; disabled if set to zero.",
                    "key": "STATEMENT_QUEUED_TIMEOUT_IN_SECONDS",
                    "level": "",
                    "value": "0"
                  }
                ],
                "statement_timeout_in_seconds": [
                  {
                    "default": "172800",
                    "description": "Timeout in seconds for statements: statements are automatically canceled if they run for longer; if set to zero, max value (604800) is enforced.",
                    "key": "STATEMENT_TIMEOUT_IN_SECONDS",
                    "level": "",
                    "value": "172800"
                  }
                ]
              }
            ],
            "query_acceleration_max_scale_factor": -1,
            "resource_constraint": null,
            "resource_monitor": null,
            "scaling_policy": null,
            "show_output": [
              {
                "auto_resume": true,
                "auto_suspend": 300,
                "available": 0,
                "comment": "Application warehouse managed by Terraform (dev)",
                "created_on": "2026-07-27 09:09:25.077 -0700 PDT",
                "enable_query_acceleration": true,
                "generation": "2",
                "is_current": false,
                "is_default": false,
                "max_cluster_count": 1,
                "min_cluster_count": 1,
                "name": "APP_WH",
                "other": 0,
                "owner": "ACCOUNTADMIN",
                "owner_role_type": "ROLE",
                "provisioning": 0,
                "query_acceleration_max_scale_factor": 2,
                "queued": 0,
                "quiescing": 0,
                "resource_constraint": "",
                "resource_monitor": "",
                "resumed_on": "2026-07-27 09:09:25.114 -0700 PDT",
                "running": 0,
                "scaling_policy": "STANDARD",
                "size": "SMALL",
                "started_clusters": 0,
                "state": "SUSPENDED",
                "type": "STANDARD",
                "updated_on": "2026-07-27 09:09:25.149 -0700 PDT"
              }
            ],
            "statement_queued_timeout_in_seconds": 0,
            "statement_timeout_in_seconds": 172800,
            "timeouts": null,
            "warehouse_size": "SMALL",
            "warehouse_type": null
          },
          "sensitive_attributes": [],
          "identity_schema_version": 0,
          "private": "eyJlMmJmYjczMC1lY2FhLTExZTYtOGY4OC0zNDM2M2JjN2M0YzAiOnsiY3JlYXRlIjoxMjAwMDAwMDAwMDAwLCJkZWxldGUiOjEyMDAwMDAwMDAwMDAsInJlYWQiOjEyMDAwMDAwMDAwMDAsInVwZGF0ZSI6MTIwMDAwMDAwMDAwMH0sInNjaGVtYV92ZXJzaW9uIjoiMiJ9"
        }
      ]
    }
  ],
  "check_results": null
}
